
Microsoft Visual Studio Solution File, Format Version 12.00
# Visual Studio 2012
VisualStudioVersion = 14.0.23107.0
MinimumVisualStudioVersion = 10.0.40219.1
Project("{FAE04EC0-301F-11D3-BF4B-00C04F79EFBC}") = "Pikabu", "Pikabu\Pikabu.csproj", "{163DBB39-F27C-4E38-8DAE-D850A6981C02}"
EndProject
Project("{FAE04EC0-301F-11D3-BF4B-00C04F79EFBC}") = "GifDrawer", "GifDrawer\GifDrawer.csproj", "{EC73E5D4-02CB-4645-A9C1-635B76B05AE9}"
EndProject
Global
	GlobalSection(SolutionConfigurationPlatforms) = preSolution
		Debug|Any CPU = Debug|Any CPU
		Release|Any CPU = Release|Any CPU
	EndGlobalSection
	GlobalSection(ProjectConfigurationPlatforms) = postSolution
		{163DBB39-F27C-4E38-8DAE-D850A6981C02}.Debug|Any CPU.ActiveCfg = Debug|Any CPU
		{163DBB39-F27C-4E38-8DAE-D850A6981C02}.Debug|Any CPU.Build.0 = Debug|Any CPU
		{163DBB39-F27C-4E38-8DAE-D850A6981C02}.Debug|Any CPU.Deploy.0 = Debug|Any CPU
		{163DBB39-F27C-4E38-8DAE-D850A6981C02}.Release|Any CPU.ActiveCfg = Release|Any CPU
		{163DBB39-F27C-4E38-8DAE-D850A6981C02}.Release|Any CPU.Build.0 = Release|Any CPU
		{163DBB39-F27C-4E38-8DAE-D850A6981C02}.Release|Any CPU.Deploy.0 = Release|Any CPU
		{EC73E5D4-02CB-4645-A9C1-635B76B05AE9}.Debug|Any CPU.ActiveCfg = Debug|Any CPU
		{EC73E5D4-02CB-4645-A9C1-635B76B05AE9}.Debug|Any CPU.Build.0 = Debug|Any CPU
		{EC73E5D4-02CB-4645-A9C1-635B76B05AE9}.Release|Any CPU.ActiveCfg = Release|Any CPU
		{EC73E5D4-02CB-4645-A9C1-635B76B05AE9}.Release|Any CPU.Build.0 = Release|Any CPU
	EndGlobalSection
	GlobalSection(SolutionProperties) = preSolution
		HideSolutionNode = FALSE
	EndGlobalSection
EndGlobal
